
Microsoft Visual Studio Solution File, Format Version 12.00
# Visual Studio Version 17
VisualStudioVersion = 17.5.33530.505
MinimumVisualStudioVersion = 10.0.40219.1
Project("{9A19103F-16F7-4668-BE54-9A1E7A4F7556}") = "Hello", "Hello\Hello.csproj", "{00B98B26-9EC5-4E9B-B90D-0053B07B4CFE}"
EndProject
Project("{FAE04EC0-301F-11D3-BF4B-00C04F79EFBC}") = "Ratuj ludzi", "Ratuj ludzi\Ratuj ludzi.csproj", "{94888F3F-E0C0-490B-AB94-A7610C30868E}"
EndProject
Global
	GlobalSection(SolutionConfigurationPlatforms) = preSolution
		Debug|Any CPU = Debug|Any CPU
		Release|Any CPU = Release|Any CPU
	EndGlobalSection
	GlobalSection(ProjectConfigurationPlatforms) = postSolution
		{00B98B26-9EC5-4E9B-B90D-0053B07B4CFE}.Debug|Any CPU.ActiveCfg = Debug|Any CPU
		{00B98B26-9EC5-4E9B-B90D-0053B07B4CFE}.Debug|Any CPU.Build.0 = Debug|Any CPU
		{00B98B26-9EC5-4E9B-B90D-0053B07B4CFE}.Release|Any CPU.ActiveCfg = Release|Any CPU
		{00B98B26-9EC5-4E9B-B90D-0053B07B4CFE}.Release|Any CPU.Build.0 = Release|Any CPU
		{94888F3F-E0C0-490B-AB94-A7610C30868E}.Debug|Any CPU.ActiveCfg = Debug|Any CPU
		{94888F3F-E0C0-490B-AB94-A7610C30868E}.Debug|Any CPU.Build.0 = Debug|Any CPU
		{94888F3F-E0C0-490B-AB94-A7610C30868E}.Release|Any CPU.ActiveCfg = Release|Any CPU
		{94888F3F-E0C0-490B-AB94-A7610C30868E}.Release|Any CPU.Build.0 = Release|Any CPU
	EndGlobalSection
	GlobalSection(SolutionProperties) = preSolution
		HideSolutionNode = FALSE
	EndGlobalSection
	GlobalSection(ExtensibilityGlobals) = postSolution
		SolutionGuid = {E9D6E4D7-CAC5-4EC1-82F5-2C34B1A7921D}
	EndGlobalSection
EndGlobal
